github.com/lib/pq v1.0.0 h1:X5PMW56eZitiTeO7tKzZxFCSpbFZJtkMMooicw2us9A=
github.com/lib/pq v1.0.0/go.mod h1:5WUZQaWbwv1U+lTReE5YruASi9Al49XbQIvNi/34Woo=
github.com/pinub/mux/v3 v3.0.0 h1:czKLkvHgNYfYZs3spz4CtDzz6Zoq5+qBULp6dlxh4j0=
github.com/pinub/mux/v3 v3.0.0/go.mod h1:W9JlrMsRJOOpeaoWn43mZswy1WMjARHK4lcWoVtKa5A=
